{
  "requires": true,
  "lockfileVersion": 1,
  "dependencies": {
    "@geoman-io/leaflet-geoman-free": {
      "version": "2.11.2",
      "resolved": "https://registry.npmjs.org/@geoman-io/leaflet-geoman-free/-/leaflet-geoman-free-2.11.2.tgz",
      "integrity": "sha512-osnQzi1e+0w8KgEK3OGyhohTA7SnTNLgQlYHBGIe2r4yKQKlDTO+MkTwZp5cDxqYJS7YpanYU0VWcnpM3xU/pQ==",
      "requires": {
        "@turf/boolean-contains": "6.3.0",
        "@turf/kinks": "6.3.0",
        "@turf/line-intersect": "6.3.0",
        "@turf/line-split": "6.3.0",
        "lodash": "4.17.21",
        "polygon-clipping": "0.15.3"
      }
    },
    "@turf/bbox": {
      "version": "6.5.0",
      "resolved": "https://registry.npmjs.org/@turf/bbox/-/bbox-6.5.0.tgz",
      "integrity": "sha512-RBbLaao5hXTYyyg577iuMtDB8ehxMlUqHEJiMs8jT1GHkFhr6sYre3lmLsPeYEi/ZKj5TP5tt7fkzNdJ4GIVyw==",
      "requires": {
        "@turf/helpers": "^6.5.0",
        "@turf/meta": "^6.5.0"
      }
    },
    "@turf/bearing": {
      "version": "6.5.0",
      "resolved": "https://registry.npmjs.org/@turf/bearing/-/bearing-6.5.0.tgz",
      "integrity": "sha512-dxINYhIEMzgDOztyMZc20I7ssYVNEpSv04VbMo5YPQsqa80KO3TFvbuCahMsCAW5z8Tncc8dwBlEFrmRjJG33A==",
      "requires": {
        "@turf/helpers": "^6.5.0",
        "@turf/invariant": "^6.5.0"
      }
    },
    "@turf/boolean-contains": {
      "version": "6.3.0",
      "resolved": "https://registry.npmjs.org/@turf/boolean-contains/-/boolean-contains-6.3.0.tgz",
      "integrity": "sha512-1MW7B5G5tIu1lnAv3pXyFzl75wfBYnbA2GhwHDb4okIXMhloy/r5uIqAZHo0fOXykKVJS/gIfA/MioKIftoTug==",
      "requires": {
        "@turf/bbox": "^6.3.0",
        "@turf/boolean-point-in-polygon": "^6.3.0",
        "@turf/boolean-point-on-line": "^6.3.0",
        "@turf/helpers": "^6.3.0",
        "@turf/invariant": "^6.3.0"
      }
    },
    "@turf/boolean-point-in-polygon": {
      "version": "6.5.0",
      "resolved": "https://registry.npmjs.org/@turf/boolean-point-in-polygon/-/boolean-point-in-polygon-6.5.0.tgz",
      "integrity": "sha512-DtSuVFB26SI+hj0SjrvXowGTUCHlgevPAIsukssW6BG5MlNSBQAo70wpICBNJL6RjukXg8d2eXaAWuD/CqL00A==",
      "requires": {
        "@turf/helpers": "^6.5.0",
        "@turf/invariant": "^6.5.0"
      }
    },
    "@turf/boolean-point-on-line": {
      "version": "6.5.0",
      "resolved": "https://registry.npmjs.org/@turf/boolean-point-on-line/-/boolean-point-on-line-6.5.0.tgz",
      "integrity": "sha512-A1BbuQ0LceLHvq7F/P7w3QvfpmZqbmViIUPHdNLvZimFNLo4e6IQunmzbe+8aSStH9QRZm3VOflyvNeXvvpZEQ==",
      "requires": {
        "@turf/helpers": "^6.5.0",
        "@turf/invariant": "^6.5.0"
      }
    },
    "@turf/destination": {
      "version": "6.5.0",
      "resolved": "https://registry.npmjs.org/@turf/destination/-/destination-6.5.0.tgz",
      "integrity": "sha512-4cnWQlNC8d1tItOz9B4pmJdWpXqS0vEvv65bI/Pj/genJnsL7evI0/Xw42RvEGROS481MPiU80xzvwxEvhQiMQ==",
      "requires": {
        "@turf/helpers": "^6.5.0",
        "@turf/invariant": "^6.5.0"
      }
    },
    "@turf/distance": {
      "version": "6.5.0",
      "resolved": "https://registry.npmjs.org/@turf/distance/-/distance-6.5.0.tgz",
      "integrity": "sha512-xzykSLfoURec5qvQJcfifw/1mJa+5UwByZZ5TZ8iaqjGYN0vomhV9aiSLeYdUGtYRESZ+DYC/OzY+4RclZYgMg==",
      "requires": {
        "@turf/helpers": "^6.5.0",
        "@turf/invariant": "^6.5.0"
      }
    },
    "@turf/helpers": {
      "version": "6.5.0",
      "resolved": "https://registry.npmjs.org/@turf/helpers/-/helpers-6.5.0.tgz",
      "integrity": "sha512-VbI1dV5bLFzohYYdgqwikdMVpe7pJ9X3E+dlr425wa2/sMJqYDhTO++ec38/pcPvPE6oD9WEEeU3Xu3gza+VPw=="
    },
    "@turf/invariant": {
      "version": "6.5.0",
      "resolved": "https://registry.npmjs.org/@turf/invariant/-/invariant-6.5.0.tgz",
      "integrity": "sha512-Wv8PRNCtPD31UVbdJE/KVAWKe7l6US+lJItRR/HOEW3eh+U/JwRCSUl/KZ7bmjM/C+zLNoreM2TU6OoLACs4eg==",
      "requires": {
        "@turf/helpers": "^6.5.0"
      }
    },
    "@turf/kinks": {
      "version": "6.3.0",
      "resolved": "https://registry.npmjs.org/@turf/kinks/-/kinks-6.3.0.tgz",
      "integrity": "sha512-BLWvbl2/fa4SeJzVMbleT6Vo1cmzwmzRfxL2xxMei2jmf6JSvqDoMJFwIHGXrLZXvhOCb1b2C+MhBfhtc7kYkQ==",
      "requires": {
        "@turf/helpers": "^6.3.0"
      }
    },
    "@turf/line-intersect": {
      "version": "6.3.0",
      "resolved": "https://registry.npmjs.org/@turf/line-intersect/-/line-intersect-6.3.0.tgz",
      "integrity": "sha512-3naxR7XpkPd2vst3Mw6DFry4C9m3o0/f2n/xu5UAyxb88Ie4m2k+1eqkhzMMx/0L+E6iThWpLx7DASM6q6o9ow==",
      "requires": {
        "@turf/helpers": "^6.3.0",
        "@turf/invariant": "^6.3.0",
        "@turf/line-segment": "^6.3.0",
        "@turf/meta": "^6.3.0",
        "geojson-rbush": "3.x"
      }
    },
    "@turf/line-segment": {
      "version": "6.5.0",
      "resolved": "https://registry.npmjs.org/@turf/line-segment/-/line-segment-6.5.0.tgz",
      "integrity": "sha512-jI625Ho4jSuJESNq66Mmi290ZJ5pPZiQZruPVpmHkUw257Pew0alMmb6YrqYNnLUuiVVONxAAKXUVeeUGtycfw==",
      "requires": {
        "@turf/helpers": "^6.5.0",
        "@turf/invariant": "^6.5.0",
        "@turf/meta": "^6.5.0"
      }
    },
    "@turf/line-split": {
      "version": "6.3.0",
      "resolved": "https://registry.npmjs.org/@turf/line-split/-/line-split-6.3.0.tgz",
      "integrity": "sha512-Q0nUJ0vczy11piyEz0FaKScFwSQtb1HJ2RPEMCw1coUJhTCB02KBWQLImhYqwsD3uLg+H/fxaJ1Gva6EPWoDNQ==",
      "requires": {
        "@turf/bbox": "^6.3.0",
        "@turf/helpers": "^6.3.0",
        "@turf/invariant": "^6.3.0",
        "@turf/line-intersect": "^6.3.0",
        "@turf/line-segment": "^6.3.0",
        "@turf/meta": "^6.3.0",
        "@turf/nearest-point-on-line": "^6.3.0",
        "@turf/square": "^6.3.0",
        "@turf/truncate": "^6.3.0",
        "geojson-rbush": "3.x"
      }
    },
    "@turf/meta": {
      "version": "6.5.0",
      "resolved": "https://registry.npmjs.org/@turf/meta/-/meta-6.5.0.tgz",
      "integrity": "sha512-RrArvtsV0vdsCBegoBtOalgdSOfkBrTJ07VkpiCnq/491W67hnMWmDu7e6Ztw0C3WldRYTXkg3SumfdzZxLBHA==",
      "requires": {
        "@turf/helpers": "^6.5.0"
      }
    },
    "@turf/nearest-point-on-line": {
      "version": "6.5.0",
      "resolved": "https://registry.npmjs.org/@turf/nearest-point-on-line/-/nearest-point-on-line-6.5.0.tgz",
      "integrity": "sha512-WthrvddddvmymnC+Vf7BrkHGbDOUu6Z3/6bFYUGv1kxw8tiZ6n83/VG6kHz4poHOfS0RaNflzXSkmCi64fLBlg==",
      "requires": {
        "@turf/bearing": "^6.5.0",
        "@turf/destination": "^6.5.0",
        "@turf/distance": "^6.5.0",
        "@turf/helpers": "^6.5.0",
        "@turf/invariant": "^6.5.0",
        "@turf/line-intersect": "^6.5.0",
        "@turf/meta": "^6.5.0"
      },
      "dependencies": {
        "@turf/line-intersect": {
          "version": "6.5.0",
          "resolved": "https://registry.npmjs.org/@turf/line-intersect/-/line-intersect-6.5.0.tgz",
          "integrity": "sha512-CS6R1tZvVQD390G9Ea4pmpM6mJGPWoL82jD46y0q1KSor9s6HupMIo1kY4Ny+AEYQl9jd21V3Scz20eldpbTVA==",
          "requires": {
            "@turf/helpers": "^6.5.0",
            "@turf/invariant": "^6.5.0",
            "@turf/line-segment": "^6.5.0",
            "@turf/meta": "^6.5.0",
            "geojson-rbush": "3.x"
          }
        }
      }
    },
    "@turf/square": {
      "version": "6.5.0",
      "resolved": "https://registry.npmjs.org/@turf/square/-/square-6.5.0.tgz",
      "integrity": "sha512-BM2UyWDmiuHCadVhHXKIx5CQQbNCpOxB6S/aCNOCLbhCeypKX5Q0Aosc5YcmCJgkwO5BERCC6Ee7NMbNB2vHmQ==",
      "requires": {
        "@turf/distance": "^6.5.0",
        "@turf/helpers": "^6.5.0"
      }
    },
    "@turf/truncate": {
      "version": "6.5.0",
      "resolved": "https://registry.npmjs.org/@turf/truncate/-/truncate-6.5.0.tgz",
      "integrity": "sha512-pFxg71pLk+eJj134Z9yUoRhIi8vqnnKvCYwdT4x/DQl/19RVdq1tV3yqOT3gcTQNfniteylL5qV1uTBDV5sgrg==",
      "requires": {
        "@turf/helpers": "^6.5.0",
        "@turf/meta": "^6.5.0"
      }
    },
    "geojson-rbush": {
      "version": "3.1.2",
      "resolved": "https://registry.npmjs.org/geojson-rbush/-/geojson-rbush-3.1.2.tgz",
      "integrity": "sha512-grkfdg3HIeTjwTfiJe5FT8+fGU3fABCc+vRJDBwdQz9kkLF0Sbif2gs2JUzjewwgmnvLGy9fInySDeADoNuk7w==",
      "requires": {
        "@turf/bbox": "*",
        "@turf/helpers": "6.x",
        "@turf/meta": "6.x",
        "rbush": "^2.0.0"
      }
    },
    "lodash": {
      "version": "4.17.21",
      "resolved": "https://registry.npmjs.org/lodash/-/lodash-4.17.21.tgz",
      "integrity": "sha512-v2kDEe57lecTulaDIuNTPy3Ry4gLGJ6Z1O3vE1krgXZNrsQ+LFTGHVxVjcXPs17LhbZVGedAJv8XZ1tvj5FvSg=="
    },
    "polygon-clipping": {
      "version": "0.15.3",
      "resolved": "https://registry.npmjs.org/polygon-clipping/-/polygon-clipping-0.15.3.tgz",
      "integrity": "sha512-ho0Xx5DLkgxRx/+n4O74XyJ67DcyN3Tu9bGYKsnTukGAW6ssnuak6Mwcyb1wHy9MZc9xsUWqIoiazkZB5weECg==",
      "requires": {
        "splaytree": "^3.1.0"
      }
    },
    "quickselect": {
      "version": "1.1.1",
      "resolved": "https://registry.npmjs.org/quickselect/-/quickselect-1.1.1.tgz",
      "integrity": "sha512-qN0Gqdw4c4KGPsBOQafj6yj/PA6c/L63f6CaZ/DCF/xF4Esu3jVmKLUDYxghFx8Kb/O7y9tI7x2RjTSXwdK1iQ=="
    },
    "rbush": {
      "version": "2.0.2",
      "resolved": "https://registry.npmjs.org/rbush/-/rbush-2.0.2.tgz",
      "integrity": "sha512-XBOuALcTm+O/H8G90b6pzu6nX6v2zCKiFG4BJho8a+bY6AER6t8uQUZdi5bomQc0AprCWhEGa7ncAbbRap0bRA==",
      "requires": {
        "quickselect": "^1.0.1"
      }
    },
    "splaytree": {
      "version": "3.1.0",
      "resolved": "https://registry.npmjs.org/splaytree/-/splaytree-3.1.0.tgz",
      "integrity": "sha512-gvUGR7xnOy0fLKTCxDeUZYgU/I1Tdf8M/lM1Qrf8L2TIOR5ipZjGk02uYcdv0o2x7WjVRgpm3iS2clLyuVAt0Q=="
    }
  }
}
